{
  "lockFileVersion": 11,
  "registryFileHashes": {
    "https://bcr.bazel.build/bazel_registry.json": "8a28e4aff06ee60aed2a8c281907fb8bcbf3b753c91fb5a5c57da3215d5b3497",
    "https://bcr.bazel.build/modules/abseil-cpp/20210324.2/MODULE.bazel": "7cd0312e064fde87c8d1cd79ba06c876bd23630c83466e9500321be55c96ace2",
    "https://bcr.bazel.build/modules/abseil-cpp/20211102.0/MODULE.bazel": "70390338f7a5106231d20620712f7cccb659cd0e9d073d1991c038eb9fc57589",
    "https://bcr.bazel.build/modules/abseil-cpp/20230125.1/MODULE.bazel": "89047429cb0207707b2dface14ba7f8df85273d484c2572755be4bab7ce9c3a0",
    "https://bcr.bazel.build/modules/abseil-cpp/20230802.0.bcr.1/MODULE.bazel": "1c8cec495288dccd14fdae6e3f95f772c1c91857047a098fad772034264cc8cb",
    "https://bcr.bazel.build/modules/abseil-cpp/20230802.0.bcr.1/source.json": "14892cc698e02ffedf4967546e6bedb7245015906888d3465fcf27c90a26da10",
    "https://bcr.bazel.build/modules/apple_support/1.13.0/MODULE.bazel": "7c8cdea7e031b7f9f67f0b497adf6d2c6a2675e9304ca93a9af6ed84eef5a524",
    "https://bcr.bazel.build/modules/apple_support/1.13.0/source.json": "aef5da52fdcfa9173e02c0cb772c85be5b01b9d49f97f9bb0fe3efe738938ba4",
    "https://bcr.bazel.build/modules/apple_support/1.5.0/MODULE.bazel": "50341a62efbc483e8a2a6aec30994a58749bd7b885e18dd96aa8c33031e558ef",
    "https://bcr.bazel.build/modules/aspect_bazel_lib/1.31.2/MODULE.bazel": "7bee702b4862612f29333590f4b658a5832d433d6f8e4395f090e8f4e85d442f",
    "https://bcr.bazel.build/modules/aspect_bazel_lib/1.38.0/MODULE.bazel": "6307fec451ba9962c1c969eb516ebfe1e46528f7fa92e1c9ac8646bef4cdaa3f",
    "https://bcr.bazel.build/modules/aspect_bazel_lib/1.40.3/MODULE.bazel": "668e6bcb4d957fc0e284316dba546b705c8d43c857f87119619ee83c4555b859",
    "https://bcr.bazel.build/modules/aspect_bazel_lib/1.40.3/source.json": "f5a28b1320e5f444e798b4afc1465c8b720bfaec7522cca38a23583dffe85e6d",
    "https://bcr.bazel.build/modules/aspect_rules_js/1.33.1/MODULE.bazel": "db3e7f16e471cf6827059d03af7c21859e7a0d2bc65429a3a11f005d46fc501b",
    "https://bcr.bazel.build/modules/aspect_rules_js/1.39.0/MODULE.bazel": "aece421d479e3c31dc3e5f6d49a12acc2700457c03c556650ec7a0ff23fc0d95",
    "https://bcr.bazel.build/modules/aspect_rules_js/1.39.0/source.json": "a8f93e4ad8843e8aa407fa5fd7c8b63a63846c0ce255371ff23384582813b13d",
    "https://bcr.bazel.build/modules/aspect_rules_lint/0.12.0/MODULE.bazel": "e767c5dbfeb254ec03275a7701b5cfde2c4d2873676804bc7cb27ddff3728fed",
    "https://bcr.bazel.build/modules/aspect_rules_lint/0.12.0/source.json": "9a3668e1ee219170e22c0e7f3ab959724c6198fdd12cd503fa10b1c6923a2559",
    "https://bcr.bazel.build/modules/bazel_features/0.1.0/MODULE.bazel": "47011d645b0f949f42ee67f2e8775188a9cf4a0a1528aa2fa4952f2fd00906fd",
    "https://bcr.bazel.build/modules/bazel_features/1.11.0/MODULE.bazel": "f9382337dd5a474c3b7d334c2f83e50b6eaedc284253334cf823044a26de03e8",
    "https://bcr.bazel.build/modules/bazel_features/1.11.0/source.json": "c9320aa53cd1c441d24bd6b716da087ad7e4ff0d9742a9884587596edfe53015",
    "https://bcr.bazel.build/modules/bazel_features/1.4.1/MODULE.bazel": "e45b6bb2350aff3e442ae1111c555e27eac1d915e77775f6fdc4b351b758b5d7",
    "https://bcr.bazel.build/modules/bazel_features/1.9.0/MODULE.bazel": "885151d58d90d8d9c811eb75e3288c11f850e1d6b481a8c9f766adee4712358b",
    "https://bcr.bazel.build/modules/bazel_features/1.9.1/MODULE.bazel": "8f679097876a9b609ad1f60249c49d68bfab783dd9be012faf9d82547b14815a",
    "https://bcr.bazel.build/modules/bazel_skylib/1.0.3/MODULE.bazel": "bcb0fd896384802d1ad283b4e4eb4d718eebd8cb820b0a2c3a347fb971afd9d8",
    "https://bcr.bazel.build/modules/bazel_skylib/1.1.1/MODULE.bazel": "1add3e7d93ff2e6998f9e118022c84d163917d912f5afafb3058e3d2f1545b5e",
    "https://bcr.bazel.build/modules/bazel_skylib/1.2.0/MODULE.bazel": "44fe84260e454ed94ad326352a698422dbe372b21a1ac9f3eab76eb531223686",
    "https://bcr.bazel.build/modules/bazel_skylib/1.2.1/MODULE.bazel": "f35baf9da0efe45fa3da1696ae906eea3d615ad41e2e3def4aeb4e8bc0ef9a7a",
    "https://bcr.bazel.build/modules/bazel_skylib/1.3.0/MODULE.bazel": "20228b92868bf5cfc41bda7afc8a8ba2a543201851de39d990ec957b513579c5",
    "https://bcr.bazel.build/modules/bazel_skylib/1.4.1/MODULE.bazel": "a0dcb779424be33100dcae821e9e27e4f2901d9dfd5333efe5ac6a8d7ab75e1d",
    "https://bcr.bazel.build/modules/bazel_skylib/1.4.2/MODULE.bazel": "3bd40978e7a1fac911d5989e6b09d8f64921865a45822d8b09e815eaa726a651",
    "https://bcr.bazel.build/modules/bazel_skylib/1.5.0/MODULE.bazel": "32880f5e2945ce6a03d1fbd588e9198c0a959bb42297b2cfaf1685b7bc32e138",
    "https://bcr.bazel.build/modules/bazel_skylib/1.6.1/MODULE.bazel": "8fdee2dbaace6c252131c00e1de4b165dc65af02ea278476187765e1a617b917",
    "https://bcr.bazel.build/modules/bazel_skylib/1.6.1/source.json": "082ed5f9837901fada8c68c2f3ddc958bb22b6d654f71dd73f3df30d45d4b749",
    "https://bcr.bazel.build/modules/buildozer/7.1.2/MODULE.bazel": "2e8dd40ede9c454042645fd8d8d0cd1527966aa5c919de86661e62953cd73d84",
    "https://bcr.bazel.build/modules/buildozer/7.1.2/source.json": "c9028a501d2db85793a6996205c8de120944f50a0d570438fcae0457a5f9d1f8",
    "https://bcr.bazel.build/modules/gazelle/0.27.0/MODULE.bazel": "3446abd608295de6d90b4a8a118ed64a9ce11dcb3dda2dc3290a22056bd20996",
    "https://bcr.bazel.build/modules/gazelle/0.30.0/MODULE.bazel": "f888a1effe338491f35f0e0e85003b47bb9d8295ccba73c37e07702d8d31c65b",
    "https://bcr.bazel.build/modules/gazelle/0.30.0/source.json": "7af0779f99120aafc73be127615d224f26da2fc5a606b52bdffb221fd9efb737",
    "https://bcr.bazel.build/modules/googletest/1.11.0/MODULE.bazel": "3a83f095183f66345ca86aa13c58b59f9f94a2f81999c093d4eeaa2d262d12f4",
    "https://bcr.bazel.build/modules/googletest/1.14.0/MODULE.bazel": "cfbcbf3e6eac06ef9d85900f64424708cc08687d1b527f0ef65aa7517af8118f",
    "https://bcr.bazel.build/modules/googletest/1.14.0/source.json": "2478949479000fdd7de9a3d0107ba2c85bb5f961c3ecb1aa448f52549ce310b5",
    "https://bcr.bazel.build/modules/jsoncpp/1.9.5/MODULE.bazel": "31271aedc59e815656f5736f282bb7509a97c7ecb43e927ac1a37966e0578075",
    "https://bcr.bazel.build/modules/jsoncpp/1.9.5/source.json": "4108ee5085dd2885a341c7fab149429db457b3169b86eb081fa245eadf69169d",
    "https://bcr.bazel.build/modules/platforms/0.0.10/MODULE.bazel": "8cb8efaf200bdeb2150d93e162c40f388529a25852b332cec879373771e48ed5",
    "https://bcr.bazel.build/modules/platforms/0.0.10/source.json": "f22828ff4cf021a6b577f1bf6341cb9dcd7965092a439f64fc1bb3b7a5ae4bd5",
    "https://bcr.bazel.build/modules/platforms/0.0.4/MODULE.bazel": "9b328e31ee156f53f3c416a64f8491f7eb731742655a47c9eec4703a71644aee",
    "https://bcr.bazel.build/modules/platforms/0.0.5/MODULE.bazel": "5733b54ea419d5eaf7997054bb55f6a1d0b5ff8aedf0176fef9eea44f3acda37",
    "https://bcr.bazel.build/modules/platforms/0.0.6/MODULE.bazel": "ad6eeef431dc52aefd2d77ed20a4b353f8ebf0f4ecdd26a807d2da5aa8cd0615",
    "https://bcr.bazel.build/modules/platforms/0.0.7/MODULE.bazel": "72fd4a0ede9ee5c021f6a8dd92b503e089f46c227ba2813ff183b71616034814",
    "https://bcr.bazel.build/modules/platforms/0.0.8/MODULE.bazel": "9f142c03e348f6d263719f5074b21ef3adf0b139ee4c5133e2aa35664da9eb2d",
    "https://bcr.bazel.build/modules/platforms/0.0.9/MODULE.bazel": "4a87a60c927b56ddd67db50c89acaa62f4ce2a1d2149ccb63ffd871d5ce29ebc",
    "https://bcr.bazel.build/modules/protobuf/21.7/MODULE.bazel": "a5a29bb89544f9b97edce05642fac225a808b5b7be74038ea3640fae2f8e66a7",
    "https://bcr.bazel.build/modules/protobuf/27.1/MODULE.bazel": "703a7b614728bb06647f965264967a8ef1c39e09e8f167b3ca0bb1fd80449c0d",
    "https://bcr.bazel.build/modules/protobuf/27.1/source.json": "11a2567425ffebb89ff59e94fc8a55bc78a418d52a4cc415069ce7c793571352",
    "https://bcr.bazel.build/modules/protobuf/3.19.0/MODULE.bazel": "6b5fbb433f760a99a22b18b6850ed5784ef0e9928a72668b66e4d7ccd47db9b0",
    "https://bcr.bazel.build/modules/protobuf/3.19.2/MODULE.bazel": "532ffe5f2186b69fdde039efe6df13ba726ff338c6bc82275ad433013fa10573",
    "https://bcr.bazel.build/modules/protobuf/3.19.6/MODULE.bazel": "9233edc5e1f2ee276a60de3eaa47ac4132302ef9643238f23128fea53ea12858",
    "https://bcr.bazel.build/modules/rules_buf/0.1.1/MODULE.bazel": "6189aec18a4f7caff599ad41b851ab7645d4f1e114aa6431acf9b0666eb92162",
    "https://bcr.bazel.build/modules/rules_buf/0.1.1/source.json": "021363d254f7438f3f10725355969c974bb2c67e0c28667782ade31a9cdb747f",
    "https://bcr.bazel.build/modules/rules_cc/0.0.1/MODULE.bazel": "cb2aa0747f84c6c3a78dad4e2049c154f08ab9d166b1273835a8174940365647",
    "https://bcr.bazel.build/modules/rules_cc/0.0.2/MODULE.bazel": "6915987c90970493ab97393024c156ea8fb9f3bea953b2f3ec05c34f19b5695c",
    "https://bcr.bazel.build/modules/rules_cc/0.0.6/MODULE.bazel": "abf360251023dfe3efcef65ab9d56beefa8394d4176dd29529750e1c57eaa33f",
    "https://bcr.bazel.build/modules/rules_cc/0.0.8/MODULE.bazel": "964c85c82cfeb6f3855e6a07054fdb159aced38e99a5eecf7bce9d53990afa3e",
    "https://bcr.bazel.build/modules/rules_cc/0.0.9/MODULE.bazel": "836e76439f354b89afe6a911a7adf59a6b2518fafb174483ad78a2a2fde7b1c5",
    "https://bcr.bazel.build/modules/rules_cc/0.0.9/source.json": "1f1ba6fea244b616de4a554a0f4983c91a9301640c8fe0dd1d410254115c8430",
    "https://bcr.bazel.build/modules/rules_go/0.33.0/MODULE.bazel": "a2b11b64cd24bf94f57454f53288a5dacfe6cb86453eee7761b7637728c1910c",
    "https://bcr.bazel.build/modules/rules_go/0.38.1/MODULE.bazel": "fb8e73dd3b6fc4ff9d260ceacd830114891d49904f5bda1c16bc147bcc254f71",
    "https://bcr.bazel.build/modules/rules_go/0.39.1/MODULE.bazel": "d34fb2a249403a5f4339c754f1e63dc9e5ad70b47c5e97faee1441fc6636cd61",
    "https://bcr.bazel.build/modules/rules_go/0.39.1/source.json": "f21e042154010ae2c944ab230d572b17d71cdb27c5255806d61df6ccaed4354c",
    "https://bcr.bazel.build/modules/rules_java/4.0.0/MODULE.bazel": "5a78a7ae82cd1a33cef56dc578c7d2a46ed0dca12643ee45edbb8417899e6f74",
    "https://bcr.bazel.build/modules/rules_java/5.3.5/MODULE.bazel": "a4ec4f2db570171e3e5eb753276ee4b389bae16b96207e9d3230895c99644b86",
    "https://bcr.bazel.build/modules/rules_java/7.6.1/MODULE.bazel": "2f14b7e8a1aa2f67ae92bc69d1ec0fa8d9f827c4e17ff5e5f02e91caa3b2d0fe",
    "https://bcr.bazel.build/modules/rules_java/7.6.1/source.json": "8f3f3076554e1558e8e468b2232991c510ecbcbed9e6f8c06ac31c93bcf38362",
    "https://bcr.bazel.build/modules/rules_jvm_external/4.4.2/MODULE.bazel": "a56b85e418c83eb1839819f0b515c431010160383306d13ec21959ac412d2fe7",
    "https://bcr.bazel.build/modules/rules_jvm_external/5.1/MODULE.bazel": "33f6f999e03183f7d088c9be518a63467dfd0be94a11d0055fe2d210f89aa909",
    "https://bcr.bazel.build/modules/rules_jvm_external/5.1/source.json": "5abb45cc9beb27b77aec6a65a11855ef2b55d95dfdc358e9f312b78ae0ba32d5",
    "https://bcr.bazel.build/modules/rules_license/0.0.3/MODULE.bazel": "627e9ab0247f7d1e05736b59dbb1b6871373de5ad31c3011880b4133cafd4bd0",
    "https://bcr.bazel.build/modules/rules_license/0.0.7/MODULE.bazel": "088fbeb0b6a419005b89cf93fe62d9517c0a2b8bb56af3244af65ecfe37e7d5d",
    "https://bcr.bazel.build/modules/rules_license/0.0.8/MODULE.bazel": "5669c6fe49b5134dbf534db681ad3d67a2d49cfc197e4a95f1ca2fd7f3aebe96",
    "https://bcr.bazel.build/modules/rules_license/0.0.8/source.json": "ccfd3964cd0cd1739202efb8dbf9a06baab490e61e174b2ad4790f9c4e610beb",
    "https://bcr.bazel.build/modules/rules_nodejs/5.8.2/MODULE.bazel": "6bc03c8f37f69401b888023bf511cb6ee4781433b0cb56236b2e55a21e3a026a",
    "https://bcr.bazel.build/modules/rules_nodejs/5.8.2/source.json": "6e82cf5753d835ea18308200bc79b9c2e782efe2e2a4edc004a9162ca93382ca",
    "https://bcr.bazel.build/modules/rules_pkg/0.7.0/MODULE.bazel": "df99f03fc7934a4737122518bb87e667e62d780b610910f0447665a7e2be62dc",
    "https://bcr.bazel.build/modules/rules_pkg/0.7.0/source.json": "c2557066e0c0342223ba592510ad3d812d4963b9024831f7f66fd0584dd8c66c",
    "https://bcr.bazel.build/modules/rules_proto/4.0.0/MODULE.bazel": "a7a7b6ce9bee418c1a760b3d84f83a299ad6952f9903c67f19e4edd964894e06",
    "https://bcr.bazel.build/modules/rules_proto/5.3.0-21.7/MODULE.bazel": "e8dff86b0971688790ae75528fe1813f71809b5afd57facb44dad9e8eca631b7",
    "https://bcr.bazel.build/modules/rules_proto/6.0.0/MODULE.bazel": "b531d7f09f58dce456cd61b4579ce8c86b38544da75184eadaf0a7cb7966453f",
    "https://bcr.bazel.build/modules/rules_proto/6.0.2/MODULE.bazel": "ce916b775a62b90b61888052a416ccdda405212b6aaeb39522f7dc53431a5e73",
    "https://bcr.bazel.build/modules/rules_proto/6.0.2/source.json": "17a2e195f56cb28d6bbf763e49973d13890487c6945311ed141e196fb660426d",
    "https://bcr.bazel.build/modules/rules_python/0.10.2/MODULE.bazel": "cc82bc96f2997baa545ab3ce73f196d040ffb8756fd2d66125a530031cd90e5f",
    "https://bcr.bazel.build/modules/rules_python/0.22.1/MODULE.bazel": "26114f0c0b5e93018c0c066d6673f1a2c3737c7e90af95eff30cfee38d0bbac7",
    "https://bcr.bazel.build/modules/rules_python/0.22.1/source.json": "57226905e783bae7c37c2dd662be078728e48fa28ee4324a7eabcafb5a43d014",
    "https://bcr.bazel.build/modules/rules_python/0.4.0/MODULE.bazel": "9208ee05fd48bf09ac60ed269791cf17fb343db56c8226a720fbb1cdf467166c",
    "https://bcr.bazel.build/modules/rules_rust/0.46.0/MODULE.bazel": "9bc9cd48a10ec306399f2864988e94f3bf1227b4f239cb4e15145f76cec5a99a",
    "https://bcr.bazel.build/modules/rules_rust/0.46.0/source.json": "1fe88a22bc1b24dbba44076ca82ced427a751d2df22f927494fdbc53e75c4bf8",
    "https://bcr.bazel.build/modules/stardoc/0.5.0/MODULE.bazel": "f9f1f46ba8d9c3362648eea571c6f9100680efc44913618811b58cc9c02cd678",
    "https://bcr.bazel.build/modules/stardoc/0.5.1/MODULE.bazel": "1a05d92974d0c122f5ccf09291442580317cdd859f07a8655f1db9a60374f9f8",
    "https://bcr.bazel.build/modules/stardoc/0.5.3/MODULE.bazel": "c7f6948dae6999bf0db32c1858ae345f112cacf98f174c7a8bb707e41b974f1c",
    "https://bcr.bazel.build/modules/stardoc/0.5.4/MODULE.bazel": "6569966df04610b8520957cb8e97cf2e9faac2c0309657c537ab51c16c18a2a4",
    "https://bcr.bazel.build/modules/stardoc/0.5.4/source.json": "a961f58a71e735aa9dcb2d79b288e06b0a2d860ba730302c8f11be411b76631e",
    "https://bcr.bazel.build/modules/toolchains_llvm/1.0.0/MODULE.bazel": "410c05d8a21179f501e1d0dc6c325eac78c885d4f44c5438331392ba094bf819",
    "https://bcr.bazel.build/modules/toolchains_llvm/1.0.0/source.json": "85babe13e588c25e032d10984ef3ed33fae30554f97bc3cc48867833e52a21ec",
    "https://bcr.bazel.build/modules/toolchains_protoc/0.3.1/MODULE.bazel": "b6574a2a314cbd40cafb5ed87b03d1996e015315f80a7e33116c8b2e209cb5cf",
    "https://bcr.bazel.build/modules/toolchains_protoc/0.3.1/source.json": "b589ee1faec4c789c680afa9d500b5ccbea25422560b8b9dc4e0e6b26471f13b",
    "https://bcr.bazel.build/modules/upb/0.0.0-20220923-a547704/MODULE.bazel": "7298990c00040a0e2f121f6c32544bab27d4452f80d9ce51349b1a28f3005c43",
    "https://bcr.bazel.build/modules/zlib/1.2.11/MODULE.bazel": "07b389abc85fdbca459b69e2ec656ae5622873af3f845e1c9d80fe179f3effa0",
    "https://bcr.bazel.build/modules/zlib/1.2.12/MODULE.bazel": "3b1a8834ada2a883674be8cbd36ede1b6ec481477ada359cd2d3ddc562340b27",
    "https://bcr.bazel.build/modules/zlib/1.3/MODULE.bazel": "6a9c02f19a24dcedb05572b2381446e27c272cd383aed11d41d99da9e3167a72",
    "https://bcr.bazel.build/modules/zlib/1.3/source.json": "b6b43d0737af846022636e6e255fd4a96fee0d34f08f3830e6e0bac51465c37c"
  },
  "selectedYankedVersions": {},
  "moduleExtensions": {}
}
